
Microsoft Visual Studio Solution File, Format Version 12.00
# Visual Studio Version 16
VisualStudioVersion = 16.0.29613.14
MinimumVisualStudioVersion = 10.0.40219.1
Project("{FAE04EC0-301F-11D3-BF4B-00C04F79EFBC}") = "AppsLauncher", "AppsLauncher\AppsLauncher.csproj", "{6BE77ED0-7A5A-4249-886C-08D43C001EAE}"
EndProject
Global
	GlobalSection(SolutionConfigurationPlatforms) = preSolution
		Debug|Any CPU = Debug|Any CPU
		Release|Any CPU = Release|Any CPU
	EndGlobalSection
	GlobalSection(ProjectConfigurationPlatforms) = postSolution
		{6BE77ED0-7A5A-4249-886C-08D43C001EAE}.Debug|Any CPU.ActiveCfg = Debug|Any CPU
		{6BE77ED0-7A5A-4249-886C-08D43C001EAE}.Debug|Any CPU.Build.0 = Debug|Any CPU
		{6BE77ED0-7A5A-4249-886C-08D43C001EAE}.Release|Any CPU.ActiveCfg = Release|Any CPU
		{6BE77ED0-7A5A-4249-886C-08D43C001EAE}.Release|Any CPU.Build.0 = Release|Any CPU
	EndGlobalSection
	GlobalSection(SolutionProperties) = preSolution
		HideSolutionNode = FALSE
	EndGlobalSection
	GlobalSection(ExtensibilityGlobals) = postSolution
		SolutionGuid = {624BAC27-AC37-4DC6-8E84-29E42ECB97EA}
	EndGlobalSection
EndGlobal
